
Microsoft Visual Studio Solution File, Format Version 12.00
# Visual Studio Version 16
VisualStudioVersion = 16.0.29905.134
MinimumVisualStudioVersion = 10.0.40219.1
Project("{FAE04EC0-301F-11D3-BF4B-00C04F79EFBC}") = "Singleton", "Singleton\Singleton.csproj", "{AAB354D8-A475-4A79-89CE-3AFB67931B7E}"
EndProject
Project("{FAE04EC0-301F-11D3-BF4B-00C04F79EFBC}") = "Facade", "Facade\Facade.csproj", "{AB4D76E2-265C-4C24-9000-17F6D49977ED}"
EndProject
Project("{FAE04EC0-301F-11D3-BF4B-00C04F79EFBC}") = "Adapter_Class", "Adapter\Adapter_Class.csproj", "{B80F3B34-6E31-4A1D-85E8-38FD083203A2}"
EndProject
Project("{FAE04EC0-301F-11D3-BF4B-00C04F79EFBC}") = "Adapter_Interface", "Adapter_Interface\Adapter_Interface.csproj", "{19ECB134-D172-4061-811A-8FACDEC2CB39}"
EndProject
Project("{FAE04EC0-301F-11D3-BF4B-00C04F79EFBC}") = "Composite", "Composite\Composite.csproj", "{E1D93441-190F-4C2A-A730-1B6610AE7CA1}"
EndProject
Project("{FAE04EC0-301F-11D3-BF4B-00C04F79EFBC}") = "Factory", "Factory\Factory.csproj", "{8A80C690-BB07-4F13-B9A4-8A9683BFA229}"
EndProject
Global
	GlobalSection(SolutionConfigurationPlatforms) = preSolution
		Debug|Any CPU = Debug|Any CPU
		Release|Any CPU = Release|Any CPU
	EndGlobalSection
	GlobalSection(ProjectConfigurationPlatforms) = postSolution
		{AAB354D8-A475-4A79-89CE-3AFB67931B7E}.Debug|Any CPU.ActiveCfg = Debug|Any CPU
		{AAB354D8-A475-4A79-89CE-3AFB67931B7E}.Debug|Any CPU.Build.0 = Debug|Any CPU
		{AAB354D8-A475-4A79-89CE-3AFB67931B7E}.Release|Any CPU.ActiveCfg = Release|Any CPU
		{AAB354D8-A475-4A79-89CE-3AFB67931B7E}.Release|Any CPU.Build.0 = Release|Any CPU
		{AB4D76E2-265C-4C24-9000-17F6D49977ED}.Debug|Any CPU.ActiveCfg = Debug|Any CPU
		{AB4D76E2-265C-4C24-9000-17F6D49977ED}.Debug|Any CPU.Build.0 = Debug|Any CPU
		{AB4D76E2-265C-4C24-9000-17F6D49977ED}.Release|Any CPU.ActiveCfg = Release|Any CPU
		{AB4D76E2-265C-4C24-9000-17F6D49977ED}.Release|Any CPU.Build.0 = Release|Any CPU
		{B80F3B34-6E31-4A1D-85E8-38FD083203A2}.Debug|Any CPU.ActiveCfg = Debug|Any CPU
		{B80F3B34-6E31-4A1D-85E8-38FD083203A2}.Debug|Any CPU.Build.0 = Debug|Any CPU
		{B80F3B34-6E31-4A1D-85E8-38FD083203A2}.Release|Any CPU.ActiveCfg = Release|Any CPU
		{B80F3B34-6E31-4A1D-85E8-38FD083203A2}.Release|Any CPU.Build.0 = Release|Any CPU
		{19ECB134-D172-4061-811A-8FACDEC2CB39}.Debug|Any CPU.ActiveCfg = Debug|Any CPU
		{19ECB134-D172-4061-811A-8FACDEC2CB39}.Debug|Any CPU.Build.0 = Debug|Any CPU
		{19ECB134-D172-4061-811A-8FACDEC2CB39}.Release|Any CPU.ActiveCfg = Release|Any CPU
		{19ECB134-D172-4061-811A-8FACDEC2CB39}.Release|Any CPU.Build.0 = Release|Any CPU
		{E1D93441-190F-4C2A-A730-1B6610AE7CA1}.Debug|Any CPU.ActiveCfg = Debug|Any CPU
		{E1D93441-190F-4C2A-A730-1B6610AE7CA1}.Debug|Any CPU.Build.0 = Debug|Any CPU
		{E1D93441-190F-4C2A-A730-1B6610AE7CA1}.Release|Any CPU.ActiveCfg = Release|Any CPU
		{E1D93441-190F-4C2A-A730-1B6610AE7CA1}.Release|Any CPU.Build.0 = Release|Any CPU
		{8A80C690-BB07-4F13-B9A4-8A9683BFA229}.Debug|Any CPU.ActiveCfg = Debug|Any CPU
		{8A80C690-BB07-4F13-B9A4-8A9683BFA229}.Debug|Any CPU.Build.0 = Debug|Any CPU
		{8A80C690-BB07-4F13-B9A4-8A9683BFA229}.Release|Any CPU.ActiveCfg = Release|Any CPU
		{8A80C690-BB07-4F13-B9A4-8A9683BFA229}.Release|Any CPU.Build.0 = Release|Any CPU
	EndGlobalSection
	GlobalSection(SolutionProperties) = preSolution
		HideSolutionNode = FALSE
	EndGlobalSection
	GlobalSection(ExtensibilityGlobals) = postSolution
		SolutionGuid = {1415A241-7917-458C-9EB7-F3B5A08BEC6D}
	EndGlobalSection
EndGlobal
